{
  "name": "rahisi-routing",
  "version": "1.0.9",
  "lockfileVersion": 1,
  "requires": true,
  "dependencies": {
    "@types/history": {
      "version": "4.7.0",
      "resolved": "https://registry.npmjs.org/@types/history/-/history-4.7.0.tgz",
      "integrity": "sha512-1A/RUAX4VtmGzNTGLSfmiPxQ3XwUSe/1YN4lW9GRa+j307oFK6MPjhlvw6jEHDodUBIvSvrA7/iHDchr5LS+0Q==",
      "dev": true
    },
    "csstype": {
      "version": "2.5.6",
      "resolved": "https://registry.npmjs.org/csstype/-/csstype-2.5.6.tgz",
      "integrity": "sha512-tKPyhy0FmfYD2KQYXD5GzkvAYLYj96cMLXr648CKGd3wBe0QqoPipImjGiLze9c8leJK8J3n7ap90tpk3E6HGQ=="
    },
    "path-to-regexp": {
      "version": "2.2.1",
      "resolved": "https://registry.npmjs.org/path-to-regexp/-/path-to-regexp-2.2.1.tgz",
      "integrity": "sha512-gu9bD6Ta5bwGrrU8muHzVOBFFREpp2iRkVfhBJahwJ6p6Xw20SjT0MxLnwkjOibQmGSYhiUnf2FLe7k+jcFmGQ=="
    },
    "rahisi": {
      "version": "1.1.21",
      "resolved": "https://registry.npmjs.org/rahisi/-/rahisi-1.1.21.tgz",
      "integrity": "sha512-bUC7mAHEtJgAnfV2Iu8gSjBKI3N3mghXUv0nxK66bmmBhaJKTtZxwctlBhdotfbrlTBWdgqRBKqj8I+nR31YEQ==",
      "requires": {
        "csstype": "^2.5.6",
        "rahisi-type-utils": "^1.0.3"
      }
    },
    "rahisi-type-utils": {
      "version": "1.0.3",
      "resolved": "https://registry.npmjs.org/rahisi-type-utils/-/rahisi-type-utils-1.0.3.tgz",
      "integrity": "sha512-b34mbeeeFHj7qgcLirHKCqMSsMhOChtZY4ddQBK5cUEAvg2bHoWPJdUO09exahczMjLumZCNcGjJdgChZBIPIw=="
    },
    "typescript": {
      "version": "3.0.1",
      "resolved": "https://registry.npmjs.org/typescript/-/typescript-3.0.1.tgz",
      "integrity": "sha512-zQIMOmC+372pC/CCVLqnQ0zSBiY7HHodU7mpQdjiZddek4GMj31I3dUJ7gAs9o65X7mnRma6OokOkc6f9jjfBg==",
      "dev": true
    }
  }
}
